
Microsoft Visual Studio Solution File, Format Version 12.00
# Visual Studio Version 16
VisualStudioVersion = 16.0.31624.102
MinimumVisualStudioVersion = 10.0.40219.1
Project("{2150E333-8FDC-42A3-9474-1A3956D46DE8}") = "Application Business Rules", "Application Business Rules", "{219BE519-48E3-483C-93DA-A1C2B8E3A5FA}"
EndProject
Project("{2150E333-8FDC-42A3-9474-1A3956D46DE8}") = "Enterprise Business Rules", "Enterprise Business Rules", "{B5819061-B6E8-427F-B341-41F663474BB5}"
EndProject
Project("{2150E333-8FDC-42A3-9474-1A3956D46DE8}") = "Framework And Drivers", "Framework And Drivers", "{3F7B2CA9-EFDF-42A8-8B4F-FB835D170C66}"
EndProject
Project("{2150E333-8FDC-42A3-9474-1A3956D46DE8}") = "Interface Adapters", "Interface Adapters", "{7CAA3EFA-C66E-4920-A93E-A545586F09C5}"
EndProject
Project("{9A19103F-16F7-4668-BE54-9A1E7A4F7556}") = "Entities", "Entities\Entities.csproj", "{719878EF-4BDF-403D-A3FB-52BEFD0DCA28}"
EndProject
Project("{2150E333-8FDC-42A3-9474-1A3956D46DE8}") = "Gateways", "Gateways", "{4D350095-BBC2-4F36-ACCB-C739B120516D}"
EndProject
Project("{9A19103F-16F7-4668-BE54-9A1E7A4F7556}") = "Repositories.EntityFrameworkCore", "Repositories.EntityFrameworkCore\Repositories.EntityFrameworkCore.csproj", "{66C58A68-9997-4372-B1B3-F99B8AF9B632}"
EndProject
Project("{9A19103F-16F7-4668-BE54-9A1E7A4F7556}") = "UseCases.DTO", "UseCases.DTO\UseCases.DTO.csproj", "{7FE5C401-EBA4-473B-A75A-C9B3879CB669}"
EndProject
Project("{9A19103F-16F7-4668-BE54-9A1E7A4F7556}") = "UseCases", "UseCases\UseCases.csproj", "{1FCA131B-B225-4EC1-900E-956FF622914D}"
EndProject
Project("{9A19103F-16F7-4668-BE54-9A1E7A4F7556}") = "InversionOfControl", "CleanArch.IOC\InversionOfControl.csproj", "{1670BAE5-ADD7-471C-AF8C-ADEF6A5E8472}"
EndProject
Project("{2150E333-8FDC-42A3-9474-1A3956D46DE8}") = "Presenters", "Presenters", "{7F3F1725-C883-4FD7-B3A9-EDB910E366B2}"
EndProject
Project("{9A19103F-16F7-4668-BE54-9A1E7A4F7556}") = "WebExceptionsPresenter", "WebExceptionsPresenter\WebExceptionsPresenter.csproj", "{944B453B-070F-4B48-8F83-ABDBC4E2360B}"
EndProject
Project("{9A19103F-16F7-4668-BE54-9A1E7A4F7556}") = "Presenters", "Presenters\Presenters.csproj", "{9C0AF078-C9D5-4B8B-9C64-67BF8681BA9E}"
EndProject
Project("{2150E333-8FDC-42A3-9474-1A3956D46DE8}") = "Controllers", "Controllers", "{FD082B25-AEF4-43BA-B0F3-A1AA3A8AF123}"
EndProject
Project("{9A19103F-16F7-4668-BE54-9A1E7A4F7556}") = "Controllers", "Controllers\Controllers.csproj", "{1A4EA228-065C-4B83-91F5-8D22A0110E4F}"
EndProject
Project("{2150E333-8FDC-42A3-9474-1A3956D46DE8}") = "UI", "UI", "{021041CF-872D-4150-8D91-83D95BD5F04C}"
EndProject
Project("{9A19103F-16F7-4668-BE54-9A1E7A4F7556}") = "Core.Api", "Core.Api\Core.Api.csproj", "{9266B615-D86C-420E-92E6-A6AD9DBE170F}"
EndProject
Project("{2150E333-8FDC-42A3-9474-1A3956D46DE8}") = "test", "test", "{B502B802-6D18-4CAB-8E68-754613476586}"
EndProject
Project("{FAE04EC0-301F-11D3-BF4B-00C04F79EFBC}") = "CleanTesting", "test\CleanTesting\CleanTesting.csproj", "{01639BA6-DD6B-446F-97D2-FD417BCEB3D2}"
EndProject
Global
	GlobalSection(SolutionConfigurationPlatforms) = preSolution
		Debug|Any CPU = Debug|Any CPU
		Release|Any CPU = Release|Any CPU
	EndGlobalSection
	GlobalSection(ProjectConfigurationPlatforms) = postSolution
		{719878EF-4BDF-403D-A3FB-52BEFD0DCA28}.Debug|Any CPU.ActiveCfg = Debug|Any CPU
		{719878EF-4BDF-403D-A3FB-52BEFD0DCA28}.Debug|Any CPU.Build.0 = Debug|Any CPU
		{719878EF-4BDF-403D-A3FB-52BEFD0DCA28}.Release|Any CPU.ActiveCfg = Release|Any CPU
		{719878EF-4BDF-403D-A3FB-52BEFD0DCA28}.Release|Any CPU.Build.0 = Release|Any CPU
		{66C58A68-9997-4372-B1B3-F99B8AF9B632}.Debug|Any CPU.ActiveCfg = Debug|Any CPU
		{66C58A68-9997-4372-B1B3-F99B8AF9B632}.Debug|Any CPU.Build.0 = Debug|Any CPU
		{66C58A68-9997-4372-B1B3-F99B8AF9B632}.Release|Any CPU.ActiveCfg = Release|Any CPU
		{66C58A68-9997-4372-B1B3-F99B8AF9B632}.Release|Any CPU.Build.0 = Release|Any CPU
		{7FE5C401-EBA4-473B-A75A-C9B3879CB669}.Debug|Any CPU.ActiveCfg = Debug|Any CPU
		{7FE5C401-EBA4-473B-A75A-C9B3879CB669}.Debug|Any CPU.Build.0 = Debug|Any CPU
		{7FE5C401-EBA4-473B-A75A-C9B3879CB669}.Release|Any CPU.ActiveCfg = Release|Any CPU
		{7FE5C401-EBA4-473B-A75A-C9B3879CB669}.Release|Any CPU.Build.0 = Release|Any CPU
		{1FCA131B-B225-4EC1-900E-956FF622914D}.Debug|Any CPU.ActiveCfg = Debug|Any CPU
		{1FCA131B-B225-4EC1-900E-956FF622914D}.Debug|Any CPU.Build.0 = Debug|Any CPU
		{1FCA131B-B225-4EC1-900E-956FF622914D}.Release|Any CPU.ActiveCfg = Release|Any CPU
		{1FCA131B-B225-4EC1-900E-956FF622914D}.Release|Any CPU.Build.0 = Release|Any CPU
		{1670BAE5-ADD7-471C-AF8C-ADEF6A5E8472}.Debug|Any CPU.ActiveCfg = Debug|Any CPU
		{1670BAE5-ADD7-471C-AF8C-ADEF6A5E8472}.Debug|Any CPU.Build.0 = Debug|Any CPU
		{1670BAE5-ADD7-471C-AF8C-ADEF6A5E8472}.Release|Any CPU.ActiveCfg = Release|Any CPU
		{1670BAE5-ADD7-471C-AF8C-ADEF6A5E8472}.Release|Any CPU.Build.0 = Release|Any CPU
		{944B453B-070F-4B48-8F83-ABDBC4E2360B}.Debug|Any CPU.ActiveCfg = Debug|Any CPU
		{944B453B-070F-4B48-8F83-ABDBC4E2360B}.Debug|Any CPU.Build.0 = Debug|Any CPU
		{944B453B-070F-4B48-8F83-ABDBC4E2360B}.Release|Any CPU.ActiveCfg = Release|Any CPU
		{944B453B-070F-4B48-8F83-ABDBC4E2360B}.Release|Any CPU.Build.0 = Release|Any CPU
		{9C0AF078-C9D5-4B8B-9C64-67BF8681BA9E}.Debug|Any CPU.ActiveCfg = Debug|Any CPU
		{9C0AF078-C9D5-4B8B-9C64-67BF8681BA9E}.Debug|Any CPU.Build.0 = Debug|Any CPU
		{9C0AF078-C9D5-4B8B-9C64-67BF8681BA9E}.Release|Any CPU.ActiveCfg = Release|Any CPU
		{9C0AF078-C9D5-4B8B-9C64-67BF8681BA9E}.Release|Any CPU.Build.0 = Release|Any CPU
		{1A4EA228-065C-4B83-91F5-8D22A0110E4F}.Debug|Any CPU.ActiveCfg = Debug|Any CPU
		{1A4EA228-065C-4B83-91F5-8D22A0110E4F}.Debug|Any CPU.Build.0 = Debug|Any CPU
		{1A4EA228-065C-4B83-91F5-8D22A0110E4F}.Release|Any CPU.ActiveCfg = Release|Any CPU
		{1A4EA228-065C-4B83-91F5-8D22A0110E4F}.Release|Any CPU.Build.0 = Release|Any CPU
		{9266B615-D86C-420E-92E6-A6AD9DBE170F}.Debug|Any CPU.ActiveCfg = Debug|Any CPU
		{9266B615-D86C-420E-92E6-A6AD9DBE170F}.Debug|Any CPU.Build.0 = Debug|Any CPU
		{9266B615-D86C-420E-92E6-A6AD9DBE170F}.Release|Any CPU.ActiveCfg = Release|Any CPU
		{9266B615-D86C-420E-92E6-A6AD9DBE170F}.Release|Any CPU.Build.0 = Release|Any CPU
		{01639BA6-DD6B-446F-97D2-FD417BCEB3D2}.Debug|Any CPU.ActiveCfg = Debug|Any CPU
		{01639BA6-DD6B-446F-97D2-FD417BCEB3D2}.Debug|Any CPU.Build.0 = Debug|Any CPU
		{01639BA6-DD6B-446F-97D2-FD417BCEB3D2}.Release|Any CPU.ActiveCfg = Release|Any CPU
		{01639BA6-DD6B-446F-97D2-FD417BCEB3D2}.Release|Any CPU.Build.0 = Release|Any CPU
	EndGlobalSection
	GlobalSection(SolutionProperties) = preSolution
		HideSolutionNode = FALSE
	EndGlobalSection
	GlobalSection(NestedProjects) = preSolution
		{719878EF-4BDF-403D-A3FB-52BEFD0DCA28} = {B5819061-B6E8-427F-B341-41F663474BB5}
		{4D350095-BBC2-4F36-ACCB-C739B120516D} = {7CAA3EFA-C66E-4920-A93E-A545586F09C5}
		{66C58A68-9997-4372-B1B3-F99B8AF9B632} = {4D350095-BBC2-4F36-ACCB-C739B120516D}
		{7FE5C401-EBA4-473B-A75A-C9B3879CB669} = {219BE519-48E3-483C-93DA-A1C2B8E3A5FA}
		{1FCA131B-B225-4EC1-900E-956FF622914D} = {219BE519-48E3-483C-93DA-A1C2B8E3A5FA}
		{1670BAE5-ADD7-471C-AF8C-ADEF6A5E8472} = {7CAA3EFA-C66E-4920-A93E-A545586F09C5}
		{7F3F1725-C883-4FD7-B3A9-EDB910E366B2} = {7CAA3EFA-C66E-4920-A93E-A545586F09C5}
		{944B453B-070F-4B48-8F83-ABDBC4E2360B} = {7F3F1725-C883-4FD7-B3A9-EDB910E366B2}
		{9C0AF078-C9D5-4B8B-9C64-67BF8681BA9E} = {7F3F1725-C883-4FD7-B3A9-EDB910E366B2}
		{FD082B25-AEF4-43BA-B0F3-A1AA3A8AF123} = {7CAA3EFA-C66E-4920-A93E-A545586F09C5}
		{1A4EA228-065C-4B83-91F5-8D22A0110E4F} = {FD082B25-AEF4-43BA-B0F3-A1AA3A8AF123}
		{021041CF-872D-4150-8D91-83D95BD5F04C} = {3F7B2CA9-EFDF-42A8-8B4F-FB835D170C66}
		{9266B615-D86C-420E-92E6-A6AD9DBE170F} = {021041CF-872D-4150-8D91-83D95BD5F04C}
		{01639BA6-DD6B-446F-97D2-FD417BCEB3D2} = {B502B802-6D18-4CAB-8E68-754613476586}
	EndGlobalSection
	GlobalSection(ExtensibilityGlobals) = postSolution
		SolutionGuid = {84B315E8-7DD1-4C88-A2AC-7DAC38FFD53F}
	EndGlobalSection
EndGlobal
